
Microsoft Visual Studio Solution File, Format Version 12.00
# Visual Studio 15
VisualStudioVersion = 15.0.27703.2026
MinimumVisualStudioVersion = 10.0.40219.1
Project("{FAE04EC0-301F-11D3-BF4B-00C04F79EFBC}") = "SUDA_WIFI_Windows", "SUDA_WIFI_Windows\SUDA_WIFI_Windows.csproj", "{20EED5AF-A278-430F-9524-38A007925422}"
EndProject
Global
	GlobalSection(SolutionConfigurationPlatforms) = preSolution
		Debug|Any CPU = Debug|Any CPU
		Release|Any CPU = Release|Any CPU
	EndGlobalSection
	GlobalSection(ProjectConfigurationPlatforms) = postSolution
		{20EED5AF-A278-430F-9524-38A007925422}.Debug|Any CPU.ActiveCfg = Debug|Any CPU
		{20EED5AF-A278-430F-9524-38A007925422}.Debug|Any CPU.Build.0 = Debug|Any CPU
		{20EED5AF-A278-430F-9524-38A007925422}.Release|Any CPU.ActiveCfg = Release|Any CPU
		{20EED5AF-A278-430F-9524-38A007925422}.Release|Any CPU.Build.0 = Release|Any CPU
	EndGlobalSection
	GlobalSection(SolutionProperties) = preSolution
		HideSolutionNode = FALSE
	EndGlobalSection
	GlobalSection(ExtensibilityGlobals) = postSolution
		SolutionGuid = {51D5EB03-D20E-4E0B-8EFE-5D0A00BDF6E9}
	EndGlobalSection
EndGlobal
