
Microsoft Visual Studio Solution File, Format Version 11.00
# Visual Studio 2010
# SharpDevelop 5.1
Project("{FAE04EC0-301F-11D3-BF4B-00C04F79EFBC}") = "SUDA_WIFI", "SUDA_WIFI\SUDA_WIFI.csproj", "{6962889A-4CAC-4165-91AB-E78BA5C9B6E4}"
EndProject
Global
	GlobalSection(SolutionConfigurationPlatforms) = preSolution
		Debug|Any CPU = Debug|Any CPU
		Release|Any CPU = Release|Any CPU
	EndGlobalSection
	GlobalSection(ProjectConfigurationPlatforms) = postSolution
		{6962889A-4CAC-4165-91AB-E78BA5C9B6E4}.Debug|Any CPU.ActiveCfg = Debug|Any CPU
		{6962889A-4CAC-4165-91AB-E78BA5C9B6E4}.Debug|Any CPU.Build.0 = Debug|Any CPU
		{6962889A-4CAC-4165-91AB-E78BA5C9B6E4}.Release|Any CPU.ActiveCfg = Release|Any CPU
		{6962889A-4CAC-4165-91AB-E78BA5C9B6E4}.Release|Any CPU.Build.0 = Release|Any CPU
	EndGlobalSection
EndGlobal
